
Microsoft Visual Studio Solution File, Format Version 12.00
# Visual Studio Version 16
VisualStudioVersion = 16.0.28721.148
MinimumVisualStudioVersion = 10.0.40219.1
Project("{9A19103F-16F7-4668-BE54-9A1E7A4F7556}") = "PipingServer.NET", "app\PipingServer.NET\PipingServer.NET.csproj", "{DBCDF606-BB7B-4E9E-875E-9D0219212782}"
EndProject
Project("{2150E333-8FDC-42A3-9474-1A3956D46DE8}") = "Solution Items", "Solution Items", "{88559B08-9EA2-4BD8-A8AA-8482EC2F2E37}"
	ProjectSection(SolutionItems) = preProject
		.editorconfig = .editorconfig
		Directory.Build.props = Directory.Build.props
		Directory.Build.targets = Directory.Build.targets
		LICENSE.txt = LICENSE.txt
		README.md = README.md
	EndProjectSection
EndProject
Project("{9A19103F-16F7-4668-BE54-9A1E7A4F7556}") = "PipingServer.NET", "test\PipingServer.NET\PipingServer.NET.csproj", "{1AC8E450-E7FF-42B5-9DC6-894B5E40DBB2}"
EndProject
Project("{9A19103F-16F7-4668-BE54-9A1E7A4F7556}") = "Piping.Server.Core", "src\Piping.Server.Core\Piping.Server.Core.csproj", "{5DB89272-E359-4704-A74E-BF4A02C21B5D}"
EndProject
Project("{9A19103F-16F7-4668-BE54-9A1E7A4F7556}") = "Piping.Server.Mvc", "src\Piping.Server.Mvc\Piping.Server.Mvc.csproj", "{4BBFBFD5-A301-42A3-8BD0-116DE6535E3C}"
EndProject
Project("{9A19103F-16F7-4668-BE54-9A1E7A4F7556}") = "Piping.Server.Mvc.Pipe", "src\Piping.Server.Mvc.Pipe\Piping.Server.Mvc.Pipe.csproj", "{207F6322-09F9-4252-96FE-9DCE79DF8263}"
EndProject
Project("{9A19103F-16F7-4668-BE54-9A1E7A4F7556}") = "Piping.Server.Mvc.Commands", "src\Piping.Server.Mvc.Commands\Piping.Server.Mvc.Commands.csproj", "{C93C23A2-B4C5-4EBA-AE5E-5350D3E2E867}"
EndProject
Project("{9A19103F-16F7-4668-BE54-9A1E7A4F7556}") = "Piping.Server.Core.Tests", "test\Piping.Server.Core.Tests\Piping.Server.Core.Tests.csproj", "{400E0B84-9FE7-448A-B746-6CA546015111}"
EndProject
Project("{9A19103F-16F7-4668-BE54-9A1E7A4F7556}") = "Piping.Server.Extensions", "src\Piping.Server.Extensions\Piping.Server.Extensions.csproj", "{61B69D68-571E-4107-8C77-EF27FADD4665}"
EndProject
Global
	GlobalSection(SolutionConfigurationPlatforms) = preSolution
		Debug|Any CPU = Debug|Any CPU
		Release|Any CPU = Release|Any CPU
	EndGlobalSection
	GlobalSection(ProjectConfigurationPlatforms) = postSolution
		{DBCDF606-BB7B-4E9E-875E-9D0219212782}.Debug|Any CPU.ActiveCfg = Debug|Any CPU
		{DBCDF606-BB7B-4E9E-875E-9D0219212782}.Debug|Any CPU.Build.0 = Debug|Any CPU
		{DBCDF606-BB7B-4E9E-875E-9D0219212782}.Release|Any CPU.ActiveCfg = Release|Any CPU
		{DBCDF606-BB7B-4E9E-875E-9D0219212782}.Release|Any CPU.Build.0 = Release|Any CPU
		{1AC8E450-E7FF-42B5-9DC6-894B5E40DBB2}.Debug|Any CPU.ActiveCfg = Debug|Any CPU
		{1AC8E450-E7FF-42B5-9DC6-894B5E40DBB2}.Debug|Any CPU.Build.0 = Debug|Any CPU
		{1AC8E450-E7FF-42B5-9DC6-894B5E40DBB2}.Release|Any CPU.ActiveCfg = Release|Any CPU
		{1AC8E450-E7FF-42B5-9DC6-894B5E40DBB2}.Release|Any CPU.Build.0 = Release|Any CPU
		{5DB89272-E359-4704-A74E-BF4A02C21B5D}.Debug|Any CPU.ActiveCfg = Debug|Any CPU
		{5DB89272-E359-4704-A74E-BF4A02C21B5D}.Debug|Any CPU.Build.0 = Debug|Any CPU
		{5DB89272-E359-4704-A74E-BF4A02C21B5D}.Release|Any CPU.ActiveCfg = Release|Any CPU
		{5DB89272-E359-4704-A74E-BF4A02C21B5D}.Release|Any CPU.Build.0 = Release|Any CPU
		{4BBFBFD5-A301-42A3-8BD0-116DE6535E3C}.Debug|Any CPU.ActiveCfg = Debug|Any CPU
		{4BBFBFD5-A301-42A3-8BD0-116DE6535E3C}.Debug|Any CPU.Build.0 = Debug|Any CPU
		{4BBFBFD5-A301-42A3-8BD0-116DE6535E3C}.Release|Any CPU.ActiveCfg = Release|Any CPU
		{4BBFBFD5-A301-42A3-8BD0-116DE6535E3C}.Release|Any CPU.Build.0 = Release|Any CPU
		{207F6322-09F9-4252-96FE-9DCE79DF8263}.Debug|Any CPU.ActiveCfg = Debug|Any CPU
		{207F6322-09F9-4252-96FE-9DCE79DF8263}.Debug|Any CPU.Build.0 = Debug|Any CPU
		{207F6322-09F9-4252-96FE-9DCE79DF8263}.Release|Any CPU.ActiveCfg = Release|Any CPU
		{207F6322-09F9-4252-96FE-9DCE79DF8263}.Release|Any CPU.Build.0 = Release|Any CPU
		{C93C23A2-B4C5-4EBA-AE5E-5350D3E2E867}.Debug|Any CPU.ActiveCfg = Debug|Any CPU
		{C93C23A2-B4C5-4EBA-AE5E-5350D3E2E867}.Debug|Any CPU.Build.0 = Debug|Any CPU
		{C93C23A2-B4C5-4EBA-AE5E-5350D3E2E867}.Release|Any CPU.ActiveCfg = Release|Any CPU
		{C93C23A2-B4C5-4EBA-AE5E-5350D3E2E867}.Release|Any CPU.Build.0 = Release|Any CPU
		{400E0B84-9FE7-448A-B746-6CA546015111}.Debug|Any CPU.ActiveCfg = Debug|Any CPU
		{400E0B84-9FE7-448A-B746-6CA546015111}.Debug|Any CPU.Build.0 = Debug|Any CPU
		{400E0B84-9FE7-448A-B746-6CA546015111}.Release|Any CPU.ActiveCfg = Release|Any CPU
		{400E0B84-9FE7-448A-B746-6CA546015111}.Release|Any CPU.Build.0 = Release|Any CPU
		{61B69D68-571E-4107-8C77-EF27FADD4665}.Debug|Any CPU.ActiveCfg = Debug|Any CPU
		{61B69D68-571E-4107-8C77-EF27FADD4665}.Debug|Any CPU.Build.0 = Debug|Any CPU
		{61B69D68-571E-4107-8C77-EF27FADD4665}.Release|Any CPU.ActiveCfg = Release|Any CPU
		{61B69D68-571E-4107-8C77-EF27FADD4665}.Release|Any CPU.Build.0 = Release|Any CPU
	EndGlobalSection
	GlobalSection(SolutionProperties) = preSolution
		HideSolutionNode = FALSE
	EndGlobalSection
	GlobalSection(ExtensibilityGlobals) = postSolution
		SolutionGuid = {DAD62154-9F75-431D-BC71-4306EEDCDC09}
	EndGlobalSection
EndGlobal
