
Microsoft Visual Studio Solution File, Format Version 12.00
# Visual Studio Version 16
VisualStudioVersion = 16.0.28721.148
MinimumVisualStudioVersion = 10.0.40219.1
Project("{FAE04EC0-301F-11D3-BF4B-00C04F79EFBC}") = "PipingServer.NET", "PipingServer.NET\PipingServer.NET.csproj", "{10A761F8-845E-42E8-A949-6FD4BA31F671}"
EndProject
Project("{FAE04EC0-301F-11D3-BF4B-00C04F79EFBC}") = "PipingServer.NETTests", "PipingServer.NETTests\PipingServer.NETTests.csproj", "{EBA241E7-5321-46BB-8AEF-589947BCFF49}"
EndProject
Project("{2150E333-8FDC-42A3-9474-1A3956D46DE8}") = "Solution Items", "Solution Items", "{88559B08-9EA2-4BD8-A8AA-8482EC2F2E37}"
	ProjectSection(SolutionItems) = preProject
		.editorconfig = .editorconfig
		LICENSE = LICENSE
		README.md = README.md
	EndProjectSection
EndProject
Global
	GlobalSection(SolutionConfigurationPlatforms) = preSolution
		Debug|Any CPU = Debug|Any CPU
		Release|Any CPU = Release|Any CPU
	EndGlobalSection
	GlobalSection(ProjectConfigurationPlatforms) = postSolution
		{10A761F8-845E-42E8-A949-6FD4BA31F671}.Debug|Any CPU.ActiveCfg = Debug|Any CPU
		{10A761F8-845E-42E8-A949-6FD4BA31F671}.Debug|Any CPU.Build.0 = Debug|Any CPU
		{10A761F8-845E-42E8-A949-6FD4BA31F671}.Release|Any CPU.ActiveCfg = Release|Any CPU
		{10A761F8-845E-42E8-A949-6FD4BA31F671}.Release|Any CPU.Build.0 = Release|Any CPU
		{EBA241E7-5321-46BB-8AEF-589947BCFF49}.Debug|Any CPU.ActiveCfg = Debug|Any CPU
		{EBA241E7-5321-46BB-8AEF-589947BCFF49}.Debug|Any CPU.Build.0 = Debug|Any CPU
		{EBA241E7-5321-46BB-8AEF-589947BCFF49}.Release|Any CPU.ActiveCfg = Release|Any CPU
		{EBA241E7-5321-46BB-8AEF-589947BCFF49}.Release|Any CPU.Build.0 = Release|Any CPU
	EndGlobalSection
	GlobalSection(SolutionProperties) = preSolution
		HideSolutionNode = FALSE
	EndGlobalSection
	GlobalSection(ExtensibilityGlobals) = postSolution
		SolutionGuid = {DAD62154-9F75-431D-BC71-4306EEDCDC09}
	EndGlobalSection
EndGlobal
